
Microsoft Visual Studio Solution File, Format Version 12.00
Project("{FAE04EC0-301F-11D3-BF4B-00C04F79EFBC}") = "PocMvcAppWithFluentValidation", "PocMvcAppWithFluentValidation\PocMvcAppWithFluentValidation.csproj", "{69B1674D-AE0E-40E7-B67D-421A104AB33F}"
EndProject
Global
	GlobalSection(SolutionConfigurationPlatforms) = preSolution
		Debug|Any CPU = Debug|Any CPU
		Release|Any CPU = Release|Any CPU
	EndGlobalSection
	GlobalSection(ProjectConfigurationPlatforms) = postSolution
		{69B1674D-AE0E-40E7-B67D-421A104AB33F}.Debug|Any CPU.ActiveCfg = Debug|Any CPU
		{69B1674D-AE0E-40E7-B67D-421A104AB33F}.Debug|Any CPU.Build.0 = Debug|Any CPU
		{69B1674D-AE0E-40E7-B67D-421A104AB33F}.Release|Any CPU.ActiveCfg = Release|Any CPU
		{69B1674D-AE0E-40E7-B67D-421A104AB33F}.Release|Any CPU.Build.0 = Release|Any CPU
	EndGlobalSection
EndGlobal
